{
  "name": "@notesnook/scripture-provider",
  "version": "0.0.0",
  "lockfileVersion": 3,
  "requires": true,
  "packages": {
    "": {
      "name": "@notesnook/scripture-provider",
      "version": "0.0.0",
      "license": "GPL-3.0-or-later",
      "dependencies": {
        "@notesnook/scripture-parser": "file:../scripture-parser"
      }
    },
    "../scripture-parser": {
      "name": "@notesnook/scripture-parser",
      "version": "0.0.0",
      "license": "GPL-3.0-or-later",
      "dependencies": {
        "bible-passage-reference-parser": "^4.0.0"
      }
    },
    "../scripture-parser/node_modules/bible-passage-reference-parser": {
      "version": "4.0.0",
      "license": "MIT"
    },
    "node_modules/@notesnook/scripture-parser": {
      "resolved": "../scripture-parser",
      "link": true
    }
  }
}
