{
  "name": "@notesnook/scripture-parser",
  "version": "0.0.0",
  "lockfileVersion": 3,
  "requires": true,
  "packages": {
    "": {
      "name": "@notesnook/scripture-parser",
      "version": "0.0.0",
      "license": "GPL-3.0-or-later",
      "dependencies": {
        "bible-passage-reference-parser": "^4.0.0"
      }
    },
    "node_modules/bible-passage-reference-parser": {
      "version": "4.0.0",
      "resolved": "https://registry.npmjs.org/bible-passage-reference-parser/-/bible-passage-reference-parser-4.0.0.tgz",
      "integrity": "sha512-glCq4RVcvbeNMI2h+XppurZ2zyaelsI23dX1Uv+xXQ2KRjkWRpITyNHD2+qvLG8HSSWYw/71MOEa4DgsY+i1oA==",
      "license": "MIT"
    }
  }
}
